
Microsoft Visual Studio Solution File, Format Version 12.00
# Visual Studio 14
VisualStudioVersion = 14.0.25420.1
MinimumVisualStudioVersion = 10.0.40219.1
Project("{2150E333-8FDC-42A3-9474-1A3956D46DE8}") = "Solution Items", "Solution Items", "{13E6ECDF-E7F4-4B16-878A-557717F95D2D}"
	ProjectSection(SolutionItems) = preProject
		License.txt = License.txt
		README.md = README.md
	EndProjectSection
EndProject
Project("{FAE04EC0-301F-11D3-BF4B-00C04F79EFBC}") = "TsGui", "TsGui\TsGui.csproj", "{5E3CFB02-4012-4298-8770-A101BC0AE200}"
EndProject
Project("{2150E333-8FDC-42A3-9474-1A3956D46DE8}") = "UnitTests", "UnitTests", "{692EA0AD-C41F-40AC-A968-2A3C7265C44E}"
EndProject
Project("{FAE04EC0-301F-11D3-BF4B-00C04F79EFBC}") = "TsGui.Tests", "TsGui.Tests\TsGui.Tests.csproj", "{8EDF4429-251A-416D-BB68-93F227191BCF}"
EndProject
Project("{2150E333-8FDC-42A3-9474-1A3956D46DE8}") = "TestConfigs", "TestConfigs", "{D9C93D96-C808-4EF5-980A-E06BA28C6BDF}"
	ProjectSection(SolutionItems) = preProject
		TestConfigs\Config.1.xml = TestConfigs\Config.1.xml
		TestConfigs\Config.2.xml = TestConfigs\Config.2.xml
		TestConfigs\Config.3.xml = TestConfigs\Config.3.xml
		TestConfigs\Config.4.xml = TestConfigs\Config.4.xml
		TestConfigs\Config.5.xml = TestConfigs\Config.5.xml
		TestConfigs\Config.6.xml = TestConfigs\Config.6.xml
		TestConfigs\Config.7.xml = TestConfigs\Config.7.xml
		TestConfigs\Config.8.xml = TestConfigs\Config.8.xml
		TestConfigs\TestConfigs.vbs = TestConfigs\TestConfigs.vbs
	EndProjectSection
EndProject
Global
	GlobalSection(SolutionConfigurationPlatforms) = preSolution
		Debug|Any CPU = Debug|Any CPU
		Release|Any CPU = Release|Any CPU
	EndGlobalSection
	GlobalSection(ProjectConfigurationPlatforms) = postSolution
		{5E3CFB02-4012-4298-8770-A101BC0AE200}.Debug|Any CPU.ActiveCfg = Debug|Any CPU
		{5E3CFB02-4012-4298-8770-A101BC0AE200}.Debug|Any CPU.Build.0 = Debug|Any CPU
		{5E3CFB02-4012-4298-8770-A101BC0AE200}.Release|Any CPU.ActiveCfg = Release|Any CPU
		{5E3CFB02-4012-4298-8770-A101BC0AE200}.Release|Any CPU.Build.0 = Release|Any CPU
		{8EDF4429-251A-416D-BB68-93F227191BCF}.Debug|Any CPU.ActiveCfg = Debug|Any CPU
		{8EDF4429-251A-416D-BB68-93F227191BCF}.Debug|Any CPU.Build.0 = Debug|Any CPU
		{8EDF4429-251A-416D-BB68-93F227191BCF}.Release|Any CPU.ActiveCfg = Release|Any CPU
		{8EDF4429-251A-416D-BB68-93F227191BCF}.Release|Any CPU.Build.0 = Release|Any CPU
	EndGlobalSection
	GlobalSection(SolutionProperties) = preSolution
		HideSolutionNode = FALSE
	EndGlobalSection
	GlobalSection(NestedProjects) = preSolution
		{D9C93D96-C808-4EF5-980A-E06BA28C6BDF} = {13E6ECDF-E7F4-4B16-878A-557717F95D2D}
	EndGlobalSection
EndGlobal
